
Microsoft Visual Studio Solution File, Format Version 12.00
# Visual Studio Version 16
VisualStudioVersion = 16.0.31605.320
MinimumVisualStudioVersion = 10.0.40219.1
Project("{FAE04EC0-301F-11D3-BF4B-00C04F79EFBC}") = "KomoCafe_ConsoleApp", "KomoCafe_ConsoleApp\KomoCafe_ConsoleApp.csproj", "{DF055563-5377-4C31-B9CD-655FD252775C}"
EndProject
Project("{FAE04EC0-301F-11D3-BF4B-00C04F79EFBC}") = "KomoCafe_ClassLibrary", "KomoCafe_ClassLibrary\KomoCafe_ClassLibrary.csproj", "{AD940E3F-F540-482D-BBAE-8CBA50C4DF71}"
EndProject
Project("{FAE04EC0-301F-11D3-BF4B-00C04F79EFBC}") = "KomoCafe_UnitTests", "KomoCafe_UnitTests\KomoCafe_UnitTests.csproj", "{03D8FB37-9ECF-4965-8F38-09432A25E28E}"
EndProject
Project("{FAE04EC0-301F-11D3-BF4B-00C04F79EFBC}") = "KomoBadges_ClassLibrary", "KomoBadges_ClassLibrary\KomoBadges_ClassLibrary.csproj", "{00B11163-9C07-4A2A-9C1F-3617625C16F6}"
EndProject
Project("{FAE04EC0-301F-11D3-BF4B-00C04F79EFBC}") = "KomoBadges_ConsoleApp", "KomoBadges_ConsoleApp\KomoBadges_ConsoleApp.csproj", "{65999E64-10D5-4DBA-A23B-6759F79F8640}"
EndProject
Project("{FAE04EC0-301F-11D3-BF4B-00C04F79EFBC}") = "KomoBadges_UnitTest", "KomoBadges_UnitTest\KomoBadges_UnitTest.csproj", "{7342DE95-B3BB-4DDC-8C91-FD6D44A35E30}"
EndProject
Global
	GlobalSection(SolutionConfigurationPlatforms) = preSolution
		Debug|Any CPU = Debug|Any CPU
		Release|Any CPU = Release|Any CPU
	EndGlobalSection
	GlobalSection(ProjectConfigurationPlatforms) = postSolution
		{DF055563-5377-4C31-B9CD-655FD252775C}.Debug|Any CPU.ActiveCfg = Debug|Any CPU
		{DF055563-5377-4C31-B9CD-655FD252775C}.Debug|Any CPU.Build.0 = Debug|Any CPU
		{DF055563-5377-4C31-B9CD-655FD252775C}.Release|Any CPU.ActiveCfg = Release|Any CPU
		{DF055563-5377-4C31-B9CD-655FD252775C}.Release|Any CPU.Build.0 = Release|Any CPU
		{AD940E3F-F540-482D-BBAE-8CBA50C4DF71}.Debug|Any CPU.ActiveCfg = Debug|Any CPU
		{AD940E3F-F540-482D-BBAE-8CBA50C4DF71}.Debug|Any CPU.Build.0 = Debug|Any CPU
		{AD940E3F-F540-482D-BBAE-8CBA50C4DF71}.Release|Any CPU.ActiveCfg = Release|Any CPU
		{AD940E3F-F540-482D-BBAE-8CBA50C4DF71}.Release|Any CPU.Build.0 = Release|Any CPU
		{03D8FB37-9ECF-4965-8F38-09432A25E28E}.Debug|Any CPU.ActiveCfg = Debug|Any CPU
		{03D8FB37-9ECF-4965-8F38-09432A25E28E}.Debug|Any CPU.Build.0 = Debug|Any CPU
		{03D8FB37-9ECF-4965-8F38-09432A25E28E}.Release|Any CPU.ActiveCfg = Release|Any CPU
		{03D8FB37-9ECF-4965-8F38-09432A25E28E}.Release|Any CPU.Build.0 = Release|Any CPU
		{00B11163-9C07-4A2A-9C1F-3617625C16F6}.Debug|Any CPU.ActiveCfg = Debug|Any CPU
		{00B11163-9C07-4A2A-9C1F-3617625C16F6}.Debug|Any CPU.Build.0 = Debug|Any CPU
		{00B11163-9C07-4A2A-9C1F-3617625C16F6}.Release|Any CPU.ActiveCfg = Release|Any CPU
		{00B11163-9C07-4A2A-9C1F-3617625C16F6}.Release|Any CPU.Build.0 = Release|Any CPU
		{65999E64-10D5-4DBA-A23B-6759F79F8640}.Debug|Any CPU.ActiveCfg = Debug|Any CPU
		{65999E64-10D5-4DBA-A23B-6759F79F8640}.Debug|Any CPU.Build.0 = Debug|Any CPU
		{65999E64-10D5-4DBA-A23B-6759F79F8640}.Release|Any CPU.ActiveCfg = Release|Any CPU
		{65999E64-10D5-4DBA-A23B-6759F79F8640}.Release|Any CPU.Build.0 = Release|Any CPU
		{7342DE95-B3BB-4DDC-8C91-FD6D44A35E30}.Debug|Any CPU.ActiveCfg = Debug|Any CPU
		{7342DE95-B3BB-4DDC-8C91-FD6D44A35E30}.Debug|Any CPU.Build.0 = Debug|Any CPU
		{7342DE95-B3BB-4DDC-8C91-FD6D44A35E30}.Release|Any CPU.ActiveCfg = Release|Any CPU
		{7342DE95-B3BB-4DDC-8C91-FD6D44A35E30}.Release|Any CPU.Build.0 = Release|Any CPU
	EndGlobalSection
	GlobalSection(SolutionProperties) = preSolution
		HideSolutionNode = FALSE
	EndGlobalSection
	GlobalSection(ExtensibilityGlobals) = postSolution
		SolutionGuid = {92F791A7-5CD5-4187-AA21-46A0D8D32517}
	EndGlobalSection
EndGlobal
